// !$*UTF8*$!
{
	archiveVersion = 1;
	classes = {
	};
	objectVersion = 56;
	objects = {

/* Begin PBXBuildFile section */
		9F057DB02AE1422600DB0805 /* ShopHubbApp.swift in Sources */ = {isa = PBXBuildFile; fileRef = 9F057DAF2AE1422600DB0805 /* ShopHubbApp.swift */; };
		9F057DB22AE1422600DB0805 /* OnBoardingView.swift in Sources */ = {isa = PBXBuildFile; fileRef = 9F057DB12AE1422600DB0805 /* OnBoardingView.swift */; };
		9F057DB42AE1422800DB0805 /* Assets.xcassets in Resources */ = {isa = PBXBuildFile; fileRef = 9F057DB32AE1422800DB0805 /* Assets.xcassets */; };
		9F057DB72AE1422800DB0805 /* Preview Assets.xcassets in Resources */ = {isa = PBXBuildFile; fileRef = 9F057DB62AE1422800DB0805 /* Preview Assets.xcassets */; };
		9F057DC92AE1609300DB0805 /* UserLoginView.swift in Sources */ = {isa = PBXBuildFile; fileRef = 9F057DC82AE1609300DB0805 /* UserLoginView.swift */; };
		9F057DCB2AE160AD00DB0805 /* RegistrationView.swift in Sources */ = {isa = PBXBuildFile; fileRef = 9F057DCA2AE160AD00DB0805 /* RegistrationView.swift */; };
		9F057DCD2AE160BF00DB0805 /* ResetPasswordView.swift in Sources */ = {isa = PBXBuildFile; fileRef = 9F057DCC2AE160BF00DB0805 /* ResetPasswordView.swift */; };
		9F057DCF2AE1617800DB0805 /* InputView.swift in Sources */ = {isa = PBXBuildFile; fileRef = 9F057DCE2AE1617800DB0805 /* InputView.swift */; };
		9F057DD32AE1816E00DB0805 /* LoggedInView.swift in Sources */ = {isa = PBXBuildFile; fileRef = 9F057DD22AE1816E00DB0805 /* LoggedInView.swift */; };
		9F057DD52AE188EA00DB0805 /* HometabView.swift in Sources */ = {isa = PBXBuildFile; fileRef = 9F057DD42AE188EA00DB0805 /* HometabView.swift */; };
		9F057DD72AE188FC00DB0805 /* BasketView.swift in Sources */ = {isa = PBXBuildFile; fileRef = 9F057DD62AE188FC00DB0805 /* BasketView.swift */; };
		9F057DD92AE1891100DB0805 /* FavoriteView.swift in Sources */ = {isa = PBXBuildFile; fileRef = 9F057DD82AE1891100DB0805 /* FavoriteView.swift */; };
		9F057DDB2AE1891E00DB0805 /* SearchView.swift in Sources */ = {isa = PBXBuildFile; fileRef = 9F057DDA2AE1891E00DB0805 /* SearchView.swift */; };
		9F057DDD2AE2E00600DB0805 /* OnBoardingPageView.swift in Sources */ = {isa = PBXBuildFile; fileRef = 9F057DDC2AE2E00600DB0805 /* OnBoardingPageView.swift */; };
		9F34CF392AE69AE500B1B638 /* OnboardingItem.swift in Sources */ = {isa = PBXBuildFile; fileRef = 9F34CF382AE69AE500B1B638 /* OnboardingItem.swift */; };
		9F67E7CF2AE90B1D00CD4AEF /* ProductsFetching.swift in Sources */ = {isa = PBXBuildFile; fileRef = 9F67E7CE2AE90B1D00CD4AEF /* ProductsFetching.swift */; };
		9F67E7D22AE90B9100CD4AEF /* ProductsEndPoints.swift in Sources */ = {isa = PBXBuildFile; fileRef = 9F67E7D12AE90B9100CD4AEF /* ProductsEndPoints.swift */; };
		9F67E7D42AE90BC400CD4AEF /* ProductsFetchingError.swift in Sources */ = {isa = PBXBuildFile; fileRef = 9F67E7D32AE90BC400CD4AEF /* ProductsFetchingError.swift */; };
		9F67E7D62AE90C2900CD4AEF /* ServiceErrorAlert.swift in Sources */ = {isa = PBXBuildFile; fileRef = 9F67E7D52AE90C2900CD4AEF /* ServiceErrorAlert.swift */; };
		9F67E7D92AE90C9200CD4AEF /* Products.swift in Sources */ = {isa = PBXBuildFile; fileRef = 9F67E7D82AE90C9200CD4AEF /* Products.swift */; };
		9F67E7DC2AE90D1600CD4AEF /* HomeTabViewProductsViewModel.swift in Sources */ = {isa = PBXBuildFile; fileRef = 9F67E7DB2AE90D1600CD4AEF /* HomeTabViewProductsViewModel.swift */; };
		9F67E7DE2AE90D8D00CD4AEF /* ErrorAlert.swift in Sources */ = {isa = PBXBuildFile; fileRef = 9F67E7DD2AE90D8D00CD4AEF /* ErrorAlert.swift */; };
		9F67E7E22AE90F1000CD4AEF /* HomeTabViewRow.swift in Sources */ = {isa = PBXBuildFile; fileRef = 9F67E7E12AE90F1000CD4AEF /* HomeTabViewRow.swift */; };
		9F67E7E42AE90F7B00CD4AEF /* HomeTabViewLoading.swift in Sources */ = {isa = PBXBuildFile; fileRef = 9F67E7E32AE90F7B00CD4AEF /* HomeTabViewLoading.swift */; };
		9F67E7E62AE90FC700CD4AEF /* ProductDetails.swift in Sources */ = {isa = PBXBuildFile; fileRef = 9F67E7E52AE90FC700CD4AEF /* ProductDetails.swift */; };
		9F67E7E92AE9102B00CD4AEF /* Double.swift in Sources */ = {isa = PBXBuildFile; fileRef = 9F67E7E82AE9102B00CD4AEF /* Double.swift */; };
		9F67E7EB2AE9104B00CD4AEF /* Int.swift in Sources */ = {isa = PBXBuildFile; fileRef = 9F67E7EA2AE9104B00CD4AEF /* Int.swift */; };
		9F67E7EF2AE92A4600CD4AEF /* TabViewNavigation.swift in Sources */ = {isa = PBXBuildFile; fileRef = 9F67E7EE2AE92A4600CD4AEF /* TabViewNavigation.swift */; };
		9FCC8F302AF14DAF00808150 /* ProductsListView.swift in Sources */ = {isa = PBXBuildFile; fileRef = 9FCC8F2F2AF14DAF00808150 /* ProductsListView.swift */; };
		9FCC8F322AF150E400808150 /* ProductsSearchView.swift in Sources */ = {isa = PBXBuildFile; fileRef = 9FCC8F312AF150E400808150 /* ProductsSearchView.swift */; };
		9FCC8F352AF1549500808150 /* BuyButton.swift in Sources */ = {isa = PBXBuildFile; fileRef = 9FCC8F342AF1549500808150 /* BuyButton.swift */; };
		9FCC8F372AF1552900808150 /* FavoriteButton.swift in Sources */ = {isa = PBXBuildFile; fileRef = 9FCC8F362AF1552900808150 /* FavoriteButton.swift */; };
		9FCC8F3A2AF1599D00808150 /* FavoriteViewmodel.swift in Sources */ = {isa = PBXBuildFile; fileRef = 9FCC8F392AF1599D00808150 /* FavoriteViewmodel.swift */; };
		9FCC8F412AF2632D00808150 /* StarRatingView.swift in Sources */ = {isa = PBXBuildFile; fileRef = 9FCC8F402AF2632D00808150 /* StarRatingView.swift */; };
		9FCC8F432AF2836500808150 /* ImageCarouselView.swift in Sources */ = {isa = PBXBuildFile; fileRef = 9FCC8F422AF2836500808150 /* ImageCarouselView.swift */; };
/* End PBXBuildFile section */

/* Begin PBXFileReference section */
		9F057DAC2AE1422600DB0805 /* ShopHubb.app */ = {isa = PBXFileReference; explicitFileType = wrapper.application; includeInIndex = 0; path = ShopHubb.app; sourceTree = BUILT_PRODUCTS_DIR; };
		9F057DAF2AE1422600DB0805 /* ShopHubbApp.swift */ = {isa = PBXFileReference; lastKnownFileType = sourcecode.swift; path = ShopHubbApp.swift; sourceTree = "<group>"; };
		9F057DB12AE1422600DB0805 /* OnBoardingView.swift */ = {isa = PBXFileReference; lastKnownFileType = sourcecode.swift; path = OnBoardingView.swift; sourceTree = "<group>"; };
		9F057DB32AE1422800DB0805 /* Assets.xcassets */ = {isa = PBXFileReference; lastKnownFileType = folder.assetcatalog; path = Assets.xcassets; sourceTree = "<group>"; };
		9F057DB62AE1422800DB0805 /* Preview Assets.xcassets */ = {isa = PBXFileReference; lastKnownFileType = folder.assetcatalog; path = "Preview Assets.xcassets"; sourceTree = "<group>"; };
		9F057DC82AE1609300DB0805 /* UserLoginView.swift */ = {isa = PBXFileReference; lastKnownFileType = sourcecode.swift; path = UserLoginView.swift; sourceTree = "<group>"; };
		9F057DCA2AE160AD00DB0805 /* RegistrationView.swift */ = {isa = PBXFileReference; lastKnownFileType = sourcecode.swift; path = RegistrationView.swift; sourceTree = "<group>"; };
		9F057DCC2AE160BF00DB0805 /* ResetPasswordView.swift */ = {isa = PBXFileReference; lastKnownFileType = sourcecode.swift; path = ResetPasswordView.swift; sourceTree = "<group>"; };
		9F057DCE2AE1617800DB0805 /* InputView.swift */ = {isa = PBXFileReference; lastKnownFileType = sourcecode.swift; path = InputView.swift; sourceTree = "<group>"; };
		9F057DD22AE1816E00DB0805 /* LoggedInView.swift */ = {isa = PBXFileReference; lastKnownFileType = sourcecode.swift; path = LoggedInView.swift; sourceTree = "<group>"; };
		9F057DD42AE188EA00DB0805 /* HometabView.swift */ = {isa = PBXFileReference; lastKnownFileType = sourcecode.swift; path = HometabView.swift; sourceTree = "<group>"; };
		9F057DD62AE188FC00DB0805 /* BasketView.swift */ = {isa = PBXFileReference; lastKnownFileType = sourcecode.swift; path = BasketView.swift; sourceTree = "<group>"; };
		9F057DD82AE1891100DB0805 /* FavoriteView.swift */ = {isa = PBXFileReference; lastKnownFileType = sourcecode.swift; path = FavoriteView.swift; sourceTree = "<group>"; };
		9F057DDA2AE1891E00DB0805 /* SearchView.swift */ = {isa = PBXFileReference; lastKnownFileType = sourcecode.swift; path = SearchView.swift; sourceTree = "<group>"; };
		9F057DDC2AE2E00600DB0805 /* OnBoardingPageView.swift */ = {isa = PBXFileReference; lastKnownFileType = sourcecode.swift; path = OnBoardingPageView.swift; sourceTree = "<group>"; };
		9F34CF382AE69AE500B1B638 /* OnboardingItem.swift */ = {isa = PBXFileReference; lastKnownFileType = sourcecode.swift; path = OnboardingItem.swift; sourceTree = "<group>"; };
		9F67E7CE2AE90B1D00CD4AEF /* ProductsFetching.swift */ = {isa = PBXFileReference; lastKnownFileType = sourcecode.swift; path = ProductsFetching.swift; sourceTree = "<group>"; };
		9F67E7D12AE90B9100CD4AEF /* ProductsEndPoints.swift */ = {isa = PBXFileReference; lastKnownFileType = sourcecode.swift; path = ProductsEndPoints.swift; sourceTree = "<group>"; };
		9F67E7D32AE90BC400CD4AEF /* ProductsFetchingError.swift */ = {isa = PBXFileReference; lastKnownFileType = sourcecode.swift; path = ProductsFetchingError.swift; sourceTree = "<group>"; };
		9F67E7D52AE90C2900CD4AEF /* ServiceErrorAlert.swift */ = {isa = PBXFileReference; lastKnownFileType = sourcecode.swift; path = ServiceErrorAlert.swift; sourceTree = "<group>"; };
		9F67E7D82AE90C9200CD4AEF /* Products.swift */ = {isa = PBXFileReference; lastKnownFileType = sourcecode.swift; path = Products.swift; sourceTree = "<group>"; };
		9F67E7DB2AE90D1600CD4AEF /* HomeTabViewProductsViewModel.swift */ = {isa = PBXFileReference; lastKnownFileType = sourcecode.swift; path = HomeTabViewProductsViewModel.swift; sourceTree = "<group>"; };
		9F67E7DD2AE90D8D00CD4AEF /* ErrorAlert.swift */ = {isa = PBXFileReference; lastKnownFileType = sourcecode.swift; path = ErrorAlert.swift; sourceTree = "<group>"; };
		9F67E7E12AE90F1000CD4AEF /* HomeTabViewRow.swift */ = {isa = PBXFileReference; lastKnownFileType = sourcecode.swift; path = HomeTabViewRow.swift; sourceTree = "<group>"; };
		9F67E7E32AE90F7B00CD4AEF /* HomeTabViewLoading.swift */ = {isa = PBXFileReference; lastKnownFileType = sourcecode.swift; path = HomeTabViewLoading.swift; sourceTree = "<group>"; };
		9F67E7E52AE90FC700CD4AEF /* ProductDetails.swift */ = {isa = PBXFileReference; lastKnownFileType = sourcecode.swift; path = ProductDetails.swift; sourceTree = "<group>"; };
		9F67E7E82AE9102B00CD4AEF /* Double.swift */ = {isa = PBXFileReference; lastKnownFileType = sourcecode.swift; path = Double.swift; sourceTree = "<group>"; };
		9F67E7EA2AE9104B00CD4AEF /* Int.swift */ = {isa = PBXFileReference; lastKnownFileType = sourcecode.swift; path = Int.swift; sourceTree = "<group>"; };
		9F67E7EE2AE92A4600CD4AEF /* TabViewNavigation.swift */ = {isa = PBXFileReference; lastKnownFileType = sourcecode.swift; path = TabViewNavigation.swift; sourceTree = "<group>"; };
		9FCC8F2F2AF14DAF00808150 /* ProductsListView.swift */ = {isa = PBXFileReference; lastKnownFileType = sourcecode.swift; path = ProductsListView.swift; sourceTree = "<group>"; };
		9FCC8F312AF150E400808150 /* ProductsSearchView.swift */ = {isa = PBXFileReference; lastKnownFileType = sourcecode.swift; path = ProductsSearchView.swift; sourceTree = "<group>"; };
		9FCC8F342AF1549500808150 /* BuyButton.swift */ = {isa = PBXFileReference; lastKnownFileType = sourcecode.swift; path = BuyButton.swift; sourceTree = "<group>"; };
		9FCC8F362AF1552900808150 /* FavoriteButton.swift */ = {isa = PBXFileReference; lastKnownFileType = sourcecode.swift; path = FavoriteButton.swift; sourceTree = "<group>"; };
		9FCC8F392AF1599D00808150 /* FavoriteViewmodel.swift */ = {isa = PBXFileReference; lastKnownFileType = sourcecode.swift; path = FavoriteViewmodel.swift; sourceTree = "<group>"; };
		9FCC8F402AF2632D00808150 /* StarRatingView.swift */ = {isa = PBXFileReference; lastKnownFileType = sourcecode.swift; path = StarRatingView.swift; sourceTree = "<group>"; };
		9FCC8F422AF2836500808150 /* ImageCarouselView.swift */ = {isa = PBXFileReference; lastKnownFileType = sourcecode.swift; path = ImageCarouselView.swift; sourceTree = "<group>"; };
/* End PBXFileReference section */

/* Begin PBXFrameworksBuildPhase section */
		9F057DA92AE1422600DB0805 /* Frameworks */ = {
			isa = PBXFrameworksBuildPhase;
			buildActionMask = 2147483647;
			files = (
			);
			runOnlyForDeploymentPostprocessing = 0;
		};
/* End PBXFrameworksBuildPhase section */

/* Begin PBXGroup section */
		9F057DA32AE1422500DB0805 = {
			isa = PBXGroup;
			children = (
				9F057DAE2AE1422600DB0805 /* ShopHubb */,
				9F057DAD2AE1422600DB0805 /* Products */,
			);
			sourceTree = "<group>";
		};
		9F057DAD2AE1422600DB0805 /* Products */ = {
			isa = PBXGroup;
			children = (
				9F057DAC2AE1422600DB0805 /* ShopHubb.app */,
			);
			name = Products;
			sourceTree = "<group>";
		};
		9F057DAE2AE1422600DB0805 /* ShopHubb */ = {
			isa = PBXGroup;
			children = (
				9F057DBF2AE1596C00DB0805 /* ShopHubbApp */,
				9F057DBD2AE158FE00DB0805 /* View */,
				9F057DBE2AE1593A00DB0805 /* ViewModel */,
				9F057DC22AE159C200DB0805 /* Model */,
				9F057DC12AE159A500DB0805 /* Networking */,
				9F057DC02AE1598C00DB0805 /* Utility */,
				9F67E7E72AE9101300CD4AEF /* Extension */,
				9F057DB32AE1422800DB0805 /* Assets.xcassets */,
				9F057DB52AE1422800DB0805 /* Preview Content */,
			);
			path = ShopHubb;
			sourceTree = "<group>";
		};
		9F057DB52AE1422800DB0805 /* Preview Content */ = {
			isa = PBXGroup;
			children = (
				9F057DB62AE1422800DB0805 /* Preview Assets.xcassets */,
			);
			path = "Preview Content";
			sourceTree = "<group>";
		};
		9F057DBD2AE158FE00DB0805 /* View */ = {
			isa = PBXGroup;
			children = (
				9F057DC72AE15C1700DB0805 /* Home */,
				9F057DC62AE15BDD00DB0805 /* Search */,
				9F057DC52AE15BBF00DB0805 /* Favourites */,
				9FCC8F332AF1545800808150 /* Basket */,
				9F057DC42AE15BAB00DB0805 /* Login */,
				9F057DC32AE15B8E00DB0805 /* OnBoarding */,
			);
			path = View;
			sourceTree = "<group>";
		};
		9F057DBE2AE1593A00DB0805 /* ViewModel */ = {
			isa = PBXGroup;
			children = (
				9FCC8F382AF1596400808150 /* FavoriteViewModel */,
				9F67E7DA2AE90CEF00CD4AEF /* HomeTabView */,
			);
			path = ViewModel;
			sourceTree = "<group>";
		};
		9F057DBF2AE1596C00DB0805 /* ShopHubbApp */ = {
			isa = PBXGroup;
			children = (
				9F057DAF2AE1422600DB0805 /* ShopHubbApp.swift */,
			);
			path = ShopHubbApp;
			sourceTree = "<group>";
		};
		9F057DC02AE1598C00DB0805 /* Utility */ = {
			isa = PBXGroup;
			children = (
				9F34CF382AE69AE500B1B638 /* OnboardingItem.swift */,
			);
			path = Utility;
			sourceTree = "<group>";
		};
		9F057DC12AE159A500DB0805 /* Networking */ = {
			isa = PBXGroup;
			children = (
				9F67E7D02AE90B7000CD4AEF /* EndPoints */,
				9F67E7CD2AE90AE200CD4AEF /* Errors */,
				9F67E7CC2AE90A9B00CD4AEF /* NetworkingManager */,
			);
			path = Networking;
			sourceTree = "<group>";
		};
		9F057DC22AE159C200DB0805 /* Model */ = {
			isa = PBXGroup;
			children = (
				9F67E7D72AE90C6D00CD4AEF /* ProductsModel */,
			);
			path = Model;
			sourceTree = "<group>";
		};
		9F057DC32AE15B8E00DB0805 /* OnBoarding */ = {
			isa = PBXGroup;
			children = (
				9F057DB12AE1422600DB0805 /* OnBoardingView.swift */,
				9F057DDC2AE2E00600DB0805 /* OnBoardingPageView.swift */,
			);
			path = OnBoarding;
			sourceTree = "<group>";
		};
		9F057DC42AE15BAB00DB0805 /* Login */ = {
			isa = PBXGroup;
			children = (
				9F057DC82AE1609300DB0805 /* UserLoginView.swift */,
				9F057DCA2AE160AD00DB0805 /* RegistrationView.swift */,
				9F057DCC2AE160BF00DB0805 /* ResetPasswordView.swift */,
				9F057DCE2AE1617800DB0805 /* InputView.swift */,
				9F057DD22AE1816E00DB0805 /* LoggedInView.swift */,
			);
			path = Login;
			sourceTree = "<group>";
		};
		9F057DC52AE15BBF00DB0805 /* Favourites */ = {
			isa = PBXGroup;
			children = (
				9F057DD82AE1891100DB0805 /* FavoriteView.swift */,
				9FCC8F362AF1552900808150 /* FavoriteButton.swift */,
			);
			path = Favourites;
			sourceTree = "<group>";
		};
		9F057DC62AE15BDD00DB0805 /* Search */ = {
			isa = PBXGroup;
			children = (
				9F057DDA2AE1891E00DB0805 /* SearchView.swift */,
				9FCC8F312AF150E400808150 /* ProductsSearchView.swift */,
			);
			path = Search;
			sourceTree = "<group>";
		};
		9F057DC72AE15C1700DB0805 /* Home */ = {
			isa = PBXGroup;
			children = (
				9FA3424B2AEA6808002115CF /* TabView */,
				9F67E7CB2AE9081A00CD4AEF /* HomeTabViewProducts */,
			);
			path = Home;
			sourceTree = "<group>";
		};
		9F67E7CB2AE9081A00CD4AEF /* HomeTabViewProducts */ = {
			isa = PBXGroup;
			children = (
				9FCC8F3F2AF262D300808150 /* DetailsView */,
				9FCC8F3E2AF262BE00808150 /* CellView */,
				9FCC8F3D2AF262AB00808150 /* HomeView */,
			);
			path = HomeTabViewProducts;
			sourceTree = "<group>";
		};
		9F67E7CC2AE90A9B00CD4AEF /* NetworkingManager */ = {
			isa = PBXGroup;
			children = (
				9F67E7CE2AE90B1D00CD4AEF /* ProductsFetching.swift */,
			);
			path = NetworkingManager;
			sourceTree = "<group>";
		};
		9F67E7CD2AE90AE200CD4AEF /* Errors */ = {
			isa = PBXGroup;
			children = (
				9F67E7D32AE90BC400CD4AEF /* ProductsFetchingError.swift */,
				9F67E7D52AE90C2900CD4AEF /* ServiceErrorAlert.swift */,
			);
			path = Errors;
			sourceTree = "<group>";
		};
		9F67E7D02AE90B7000CD4AEF /* EndPoints */ = {
			isa = PBXGroup;
			children = (
				9F67E7D12AE90B9100CD4AEF /* ProductsEndPoints.swift */,
			);
			path = EndPoints;
			sourceTree = "<group>";
		};
		9F67E7D72AE90C6D00CD4AEF /* ProductsModel */ = {
			isa = PBXGroup;
			children = (
				9F67E7D82AE90C9200CD4AEF /* Products.swift */,
				9F67E7DD2AE90D8D00CD4AEF /* ErrorAlert.swift */,
			);
			path = ProductsModel;
			sourceTree = "<group>";
		};
		9F67E7DA2AE90CEF00CD4AEF /* HomeTabView */ = {
			isa = PBXGroup;
			children = (
				9F67E7DB2AE90D1600CD4AEF /* HomeTabViewProductsViewModel.swift */,
			);
			path = HomeTabView;
			sourceTree = "<group>";
		};
		9F67E7E72AE9101300CD4AEF /* Extension */ = {
			isa = PBXGroup;
			children = (
				9F67E7E82AE9102B00CD4AEF /* Double.swift */,
				9F67E7EA2AE9104B00CD4AEF /* Int.swift */,
			);
			path = Extension;
			sourceTree = "<group>";
		};
		9FA3424B2AEA6808002115CF /* TabView */ = {
			isa = PBXGroup;
			children = (
				9F67E7EE2AE92A4600CD4AEF /* TabViewNavigation.swift */,
			);
			path = TabView;
			sourceTree = "<group>";
		};
		9FCC8F332AF1545800808150 /* Basket */ = {
			isa = PBXGroup;
			children = (
				9F057DD62AE188FC00DB0805 /* BasketView.swift */,
				9FCC8F342AF1549500808150 /* BuyButton.swift */,
			);
			path = Basket;
			sourceTree = "<group>";
		};
		9FCC8F382AF1596400808150 /* FavoriteViewModel */ = {
			isa = PBXGroup;
			children = (
				9FCC8F392AF1599D00808150 /* FavoriteViewmodel.swift */,
			);
			path = FavoriteViewModel;
			sourceTree = "<group>";
		};
		9FCC8F3D2AF262AB00808150 /* HomeView */ = {
			isa = PBXGroup;
			children = (
				9F057DD42AE188EA00DB0805 /* HometabView.swift */,
				9F67E7E32AE90F7B00CD4AEF /* HomeTabViewLoading.swift */,
				9FCC8F2F2AF14DAF00808150 /* ProductsListView.swift */,
			);
			path = HomeView;
			sourceTree = "<group>";
		};
		9FCC8F3E2AF262BE00808150 /* CellView */ = {
			isa = PBXGroup;
			children = (
				9F67E7E12AE90F1000CD4AEF /* HomeTabViewRow.swift */,
			);
			path = CellView;
			sourceTree = "<group>";
		};
		9FCC8F3F2AF262D300808150 /* DetailsView */ = {
			isa = PBXGroup;
			children = (
				9F67E7E52AE90FC700CD4AEF /* ProductDetails.swift */,
				9FCC8F402AF2632D00808150 /* StarRatingView.swift */,
				9FCC8F422AF2836500808150 /* ImageCarouselView.swift */,
			);
			path = DetailsView;
			sourceTree = "<group>";
		};
/* End PBXGroup section */

/* Begin PBXNativeTarget section */
		9F057DAB2AE1422600DB0805 /* ShopHubb */ = {
			isa = PBXNativeTarget;
			buildConfigurationList = 9F057DBA2AE1422800DB0805 /* Build configuration list for PBXNativeTarget "ShopHubb" */;
			buildPhases = (
				9F057DA82AE1422600DB0805 /* Sources */,
				9F057DA92AE1422600DB0805 /* Frameworks */,
				9F057DAA2AE1422600DB0805 /* Resources */,
			);
			buildRules = (
			);
			dependencies = (
			);
			name = ShopHubb;
			productName = ShopHubb;
			productReference = 9F057DAC2AE1422600DB0805 /* ShopHubb.app */;
			productType = "com.apple.product-type.application";
		};
/* End PBXNativeTarget section */

/* Begin PBXProject section */
		9F057DA42AE1422500DB0805 /* Project object */ = {
			isa = PBXProject;
			attributes = {
				BuildIndependentTargetsInParallel = 1;
				LastSwiftUpdateCheck = 1430;
				LastUpgradeCheck = 1430;
				TargetAttributes = {
					9F057DAB2AE1422600DB0805 = {
						CreatedOnToolsVersion = 14.3.1;
					};
				};
			};
			buildConfigurationList = 9F057DA72AE1422500DB0805 /* Build configuration list for PBXProject "ShopHubb" */;
			compatibilityVersion = "Xcode 14.0";
			developmentRegion = en;
			hasScannedForEncodings = 0;
			knownRegions = (
				en,
				Base,
			);
			mainGroup = 9F057DA32AE1422500DB0805;
			productRefGroup = 9F057DAD2AE1422600DB0805 /* Products */;
			projectDirPath = "";
			projectRoot = "";
			targets = (
				9F057DAB2AE1422600DB0805 /* ShopHubb */,
			);
		};
/* End PBXProject section */

/* Begin PBXResourcesBuildPhase section */
		9F057DAA2AE1422600DB0805 /* Resources */ = {
			isa = PBXResourcesBuildPhase;
			buildActionMask = 2147483647;
			files = (
				9F057DB72AE1422800DB0805 /* Preview Assets.xcassets in Resources */,
				9F057DB42AE1422800DB0805 /* Assets.xcassets in Resources */,
			);
			runOnlyForDeploymentPostprocessing = 0;
		};
/* End PBXResourcesBuildPhase section */

/* Begin PBXSourcesBuildPhase section */
		9F057DA82AE1422600DB0805 /* Sources */ = {
			isa = PBXSourcesBuildPhase;
			buildActionMask = 2147483647;
			files = (
				9F67E7DC2AE90D1600CD4AEF /* HomeTabViewProductsViewModel.swift in Sources */,
				9F67E7EB2AE9104B00CD4AEF /* Int.swift in Sources */,
				9F057DC92AE1609300DB0805 /* UserLoginView.swift in Sources */,
				9F057DD32AE1816E00DB0805 /* LoggedInView.swift in Sources */,
				9F67E7CF2AE90B1D00CD4AEF /* ProductsFetching.swift in Sources */,
				9F057DD72AE188FC00DB0805 /* BasketView.swift in Sources */,
				9FCC8F432AF2836500808150 /* ImageCarouselView.swift in Sources */,
				9F67E7D62AE90C2900CD4AEF /* ServiceErrorAlert.swift in Sources */,
				9F057DDB2AE1891E00DB0805 /* SearchView.swift in Sources */,
				9F67E7E92AE9102B00CD4AEF /* Double.swift in Sources */,
				9FCC8F412AF2632D00808150 /* StarRatingView.swift in Sources */,
				9F057DB22AE1422600DB0805 /* OnBoardingView.swift in Sources */,
				9F057DD92AE1891100DB0805 /* FavoriteView.swift in Sources */,
				9FCC8F372AF1552900808150 /* FavoriteButton.swift in Sources */,
				9FCC8F3A2AF1599D00808150 /* FavoriteViewmodel.swift in Sources */,
				9FCC8F302AF14DAF00808150 /* ProductsListView.swift in Sources */,
				9F057DCD2AE160BF00DB0805 /* ResetPasswordView.swift in Sources */,
				9F057DD52AE188EA00DB0805 /* HometabView.swift in Sources */,
				9F67E7D22AE90B9100CD4AEF /* ProductsEndPoints.swift in Sources */,
				9F67E7DE2AE90D8D00CD4AEF /* ErrorAlert.swift in Sources */,
				9FCC8F322AF150E400808150 /* ProductsSearchView.swift in Sources */,
				9F67E7E42AE90F7B00CD4AEF /* HomeTabViewLoading.swift in Sources */,
				9F67E7EF2AE92A4600CD4AEF /* TabViewNavigation.swift in Sources */,
				9F057DCF2AE1617800DB0805 /* InputView.swift in Sources */,
				9F057DDD2AE2E00600DB0805 /* OnBoardingPageView.swift in Sources */,
				9F67E7E22AE90F1000CD4AEF /* HomeTabViewRow.swift in Sources */,
				9FCC8F352AF1549500808150 /* BuyButton.swift in Sources */,
				9F67E7D42AE90BC400CD4AEF /* ProductsFetchingError.swift in Sources */,
				9F34CF392AE69AE500B1B638 /* OnboardingItem.swift in Sources */,
				9F057DB02AE1422600DB0805 /* ShopHubbApp.swift in Sources */,
				9F67E7D92AE90C9200CD4AEF /* Products.swift in Sources */,
				9F67E7E62AE90FC700CD4AEF /* ProductDetails.swift in Sources */,
				9F057DCB2AE160AD00DB0805 /* RegistrationView.swift in Sources */,
			);
			runOnlyForDeploymentPostprocessing = 0;
		};
/* End PBXSourcesBuildPhase section */

/* Begin XCBuildConfiguration section */
		9F057DB82AE1422800DB0805 /* Debug */ = {
			isa = XCBuildConfiguration;
			buildSettings = {
				ALWAYS_SEARCH_USER_PATHS = NO;
				CLANG_ANALYZER_NONNULL = YES;
				CLANG_ANALYZER_NUMBER_OBJECT_CONVERSION = YES_AGGRESSIVE;
				CLANG_CXX_LANGUAGE_STANDARD = "gnu++20";
				CLANG_ENABLE_MODULES = YES;
				CLANG_ENABLE_OBJC_ARC = YES;
				CLANG_ENABLE_OBJC_WEAK = YES;
				CLANG_WARN_BLOCK_CAPTURE_AUTORELEASING = YES;
				CLANG_WARN_BOOL_CONVERSION = YES;
				CLANG_WARN_COMMA = YES;
				CLANG_WARN_CONSTANT_CONVERSION = YES;
				CLANG_WARN_DEPRECATED_OBJC_IMPLEMENTATIONS = YES;
				CLANG_WARN_DIRECT_OBJC_ISA_USAGE = YES_ERROR;
				CLANG_WARN_DOCUMENTATION_COMMENTS = YES;
				CLANG_WARN_EMPTY_BODY = YES;
				CLANG_WARN_ENUM_CONVERSION = YES;
				CLANG_WARN_INFINITE_RECURSION = YES;
				CLANG_WARN_INT_CONVERSION = YES;
				CLANG_WARN_NON_LITERAL_NULL_CONVERSION = YES;
				CLANG_WARN_OBJC_IMPLICIT_RETAIN_SELF = YES;
				CLANG_WARN_OBJC_LITERAL_CONVERSION = YES;
				CLANG_WARN_OBJC_ROOT_CLASS = YES_ERROR;
				CLANG_WARN_QUOTED_INCLUDE_IN_FRAMEWORK_HEADER = YES;
				CLANG_WARN_RANGE_LOOP_ANALYSIS = YES;
				CLANG_WARN_STRICT_PROTOTYPES = YES;
				CLANG_WARN_SUSPICIOUS_MOVE = YES;
				CLANG_WARN_UNGUARDED_AVAILABILITY = YES_AGGRESSIVE;
				CLANG_WARN_UNREACHABLE_CODE = YES;
				CLANG_WARN__DUPLICATE_METHOD_MATCH = YES;
				COPY_PHASE_STRIP = NO;
				DEBUG_INFORMATION_FORMAT = dwarf;
				ENABLE_STRICT_OBJC_MSGSEND = YES;
				ENABLE_TESTABILITY = YES;
				GCC_C_LANGUAGE_STANDARD = gnu11;
				GCC_DYNAMIC_NO_PIC = NO;
				GCC_NO_COMMON_BLOCKS = YES;
				GCC_OPTIMIZATION_LEVEL = 0;
				GCC_PREPROCESSOR_DEFINITIONS = (
					"DEBUG=1",
					"$(inherited)",
				);
				GCC_WARN_64_TO_32_BIT_CONVERSION = YES;
				GCC_WARN_ABOUT_RETURN_TYPE = YES_ERROR;
				GCC_WARN_UNDECLARED_SELECTOR = YES;
				GCC_WARN_UNINITIALIZED_AUTOS = YES_AGGRESSIVE;
				GCC_WARN_UNUSED_FUNCTION = YES;
				GCC_WARN_UNUSED_VARIABLE = YES;
				IPHONEOS_DEPLOYMENT_TARGET = 16.4;
				MTL_ENABLE_DEBUG_INFO = INCLUDE_SOURCE;
				MTL_FAST_MATH = YES;
				ONLY_ACTIVE_ARCH = YES;
				SDKROOT = iphoneos;
				SWIFT_ACTIVE_COMPILATION_CONDITIONS = DEBUG;
				SWIFT_OPTIMIZATION_LEVEL = "-Onone";
			};
			name = Debug;
		};
		9F057DB92AE1422800DB0805 /* Release */ = {
			isa = XCBuildConfiguration;
			buildSettings = {
				ALWAYS_SEARCH_USER_PATHS = NO;
				CLANG_ANALYZER_NONNULL = YES;
				CLANG_ANALYZER_NUMBER_OBJECT_CONVERSION = YES_AGGRESSIVE;
				CLANG_CXX_LANGUAGE_STANDARD = "gnu++20";
				CLANG_ENABLE_MODULES = YES;
				CLANG_ENABLE_OBJC_ARC = YES;
				CLANG_ENABLE_OBJC_WEAK = YES;
				CLANG_WARN_BLOCK_CAPTURE_AUTORELEASING = YES;
				CLANG_WARN_BOOL_CONVERSION = YES;
				CLANG_WARN_COMMA = YES;
				CLANG_WARN_CONSTANT_CONVERSION = YES;
				CLANG_WARN_DEPRECATED_OBJC_IMPLEMENTATIONS = YES;
				CLANG_WARN_DIRECT_OBJC_ISA_USAGE = YES_ERROR;
				CLANG_WARN_DOCUMENTATION_COMMENTS = YES;
				CLANG_WARN_EMPTY_BODY = YES;
				CLANG_WARN_ENUM_CONVERSION = YES;
				CLANG_WARN_INFINITE_RECURSION = YES;
				CLANG_WARN_INT_CONVERSION = YES;
				CLANG_WARN_NON_LITERAL_NULL_CONVERSION = YES;
				CLANG_WARN_OBJC_IMPLICIT_RETAIN_SELF = YES;
				CLANG_WARN_OBJC_LITERAL_CONVERSION = YES;
				CLANG_WARN_OBJC_ROOT_CLASS = YES_ERROR;
				CLANG_WARN_QUOTED_INCLUDE_IN_FRAMEWORK_HEADER = YES;
				CLANG_WARN_RANGE_LOOP_ANALYSIS = YES;
				CLANG_WARN_STRICT_PROTOTYPES = YES;
				CLANG_WARN_SUSPICIOUS_MOVE = YES;
				CLANG_WARN_UNGUARDED_AVAILABILITY = YES_AGGRESSIVE;
				CLANG_WARN_UNREACHABLE_CODE = YES;
				CLANG_WARN__DUPLICATE_METHOD_MATCH = YES;
				COPY_PHASE_STRIP = NO;
				DEBUG_INFORMATION_FORMAT = "dwarf-with-dsym";
				ENABLE_NS_ASSERTIONS = NO;
				ENABLE_STRICT_OBJC_MSGSEND = YES;
				GCC_C_LANGUAGE_STANDARD = gnu11;
				GCC_NO_COMMON_BLOCKS = YES;
				GCC_WARN_64_TO_32_BIT_CONVERSION = YES;
				GCC_WARN_ABOUT_RETURN_TYPE = YES_ERROR;
				GCC_WARN_UNDECLARED_SELECTOR = YES;
				GCC_WARN_UNINITIALIZED_AUTOS = YES_AGGRESSIVE;
				GCC_WARN_UNUSED_FUNCTION = YES;
				GCC_WARN_UNUSED_VARIABLE = YES;
				IPHONEOS_DEPLOYMENT_TARGET = 16.4;
				MTL_ENABLE_DEBUG_INFO = NO;
				MTL_FAST_MATH = YES;
				SDKROOT = iphoneos;
				SWIFT_COMPILATION_MODE = wholemodule;
				SWIFT_OPTIMIZATION_LEVEL = "-O";
				VALIDATE_PRODUCT = YES;
			};
			name = Release;
		};
		9F057DBB2AE1422800DB0805 /* Debug */ = {
			isa = XCBuildConfiguration;
			buildSettings = {
				ASSETCATALOG_COMPILER_APPICON_NAME = AppIcon;
				ASSETCATALOG_COMPILER_GLOBAL_ACCENT_COLOR_NAME = AccentColor;
				CODE_SIGN_STYLE = Automatic;
				CURRENT_PROJECT_VERSION = 1;
				DEVELOPMENT_ASSET_PATHS = "\"ShopHubb/Preview Content\"";
				ENABLE_PREVIEWS = YES;
				GENERATE_INFOPLIST_FILE = YES;
				INFOPLIST_KEY_UIApplicationSceneManifest_Generation = YES;
				INFOPLIST_KEY_UIApplicationSupportsIndirectInputEvents = YES;
				INFOPLIST_KEY_UILaunchScreen_Generation = YES;
				INFOPLIST_KEY_UISupportedInterfaceOrientations_iPad = "UIInterfaceOrientationPortrait UIInterfaceOrientationPortraitUpsideDown UIInterfaceOrientationLandscapeLeft UIInterfaceOrientationLandscapeRight";
				INFOPLIST_KEY_UISupportedInterfaceOrientations_iPhone = "UIInterfaceOrientationPortrait UIInterfaceOrientationLandscapeLeft UIInterfaceOrientationLandscapeRight";
				LD_RUNPATH_SEARCH_PATHS = (
					"$(inherited)",
					"@executable_path/Frameworks",
				);
				MARKETING_VERSION = 1.0;
				PRODUCT_BUNDLE_IDENTIFIER = none.ShopHubb;
				PRODUCT_NAME = "$(TARGET_NAME)";
				SWIFT_EMIT_LOC_STRINGS = YES;
				SWIFT_VERSION = 5.0;
				TARGETED_DEVICE_FAMILY = "1,2";
			};
			name = Debug;
		};
		9F057DBC2AE1422800DB0805 /* Release */ = {
			isa = XCBuildConfiguration;
			buildSettings = {
				ASSETCATALOG_COMPILER_APPICON_NAME = AppIcon;
				ASSETCATALOG_COMPILER_GLOBAL_ACCENT_COLOR_NAME = AccentColor;
				CODE_SIGN_STYLE = Automatic;
				CURRENT_PROJECT_VERSION = 1;
				DEVELOPMENT_ASSET_PATHS = "\"ShopHubb/Preview Content\"";
				ENABLE_PREVIEWS = YES;
				GENERATE_INFOPLIST_FILE = YES;
				INFOPLIST_KEY_UIApplicationSceneManifest_Generation = YES;
				INFOPLIST_KEY_UIApplicationSupportsIndirectInputEvents = YES;
				INFOPLIST_KEY_UILaunchScreen_Generation = YES;
				INFOPLIST_KEY_UISupportedInterfaceOrientations_iPad = "UIInterfaceOrientationPortrait UIInterfaceOrientationPortraitUpsideDown UIInterfaceOrientationLandscapeLeft UIInterfaceOrientationLandscapeRight";
				INFOPLIST_KEY_UISupportedInterfaceOrientations_iPhone = "UIInterfaceOrientationPortrait UIInterfaceOrientationLandscapeLeft UIInterfaceOrientationLandscapeRight";
				LD_RUNPATH_SEARCH_PATHS = (
					"$(inherited)",
					"@executable_path/Frameworks",
				);
				MARKETING_VERSION = 1.0;
				PRODUCT_BUNDLE_IDENTIFIER = none.ShopHubb;
				PRODUCT_NAME = "$(TARGET_NAME)";
				SWIFT_EMIT_LOC_STRINGS = YES;
				SWIFT_VERSION = 5.0;
				TARGETED_DEVICE_FAMILY = "1,2";
			};
			name = Release;
		};
/* End XCBuildConfiguration section */

/* Begin XCConfigurationList section */
		9F057DA72AE1422500DB0805 /* Build configuration list for PBXProject "ShopHubb" */ = {
			isa = XCConfigurationList;
			buildConfigurations = (
				9F057DB82AE1422800DB0805 /* Debug */,
				9F057DB92AE1422800DB0805 /* Release */,
			);
			defaultConfigurationIsVisible = 0;
			defaultConfigurationName = Release;
		};
		9F057DBA2AE1422800DB0805 /* Build configuration list for PBXNativeTarget "ShopHubb" */ = {
			isa = XCConfigurationList;
			buildConfigurations = (
				9F057DBB2AE1422800DB0805 /* Debug */,
				9F057DBC2AE1422800DB0805 /* Release */,
			);
			defaultConfigurationIsVisible = 0;
			defaultConfigurationName = Release;
		};
/* End XCConfigurationList section */
	};
	rootObject = 9F057DA42AE1422500DB0805 /* Project object */;
}
